
Microsoft Visual Studio Solution File, Format Version 12.00
# Visual Studio Version 17
VisualStudioVersion = 17.9.34723.18
MinimumVisualStudioVersion = 10.0.40219.1
Project("{9A19103F-16F7-4668-BE54-9A1E7A4F7556}") = "GoodsExchangeAtFUManagement", "GoodsExchangeAtFUManagement\GoodsExchangeAtFUManagement.csproj", "{AB5B888A-6AF5-41AF-9C02-0E1862562A16}"
EndProject
Project("{9A19103F-16F7-4668-BE54-9A1E7A4F7556}") = "GoodsExchangeAtFUManagement.Repository", "GoodsExchangeAtFUManagement.Repository\GoodsExchangeAtFUManagement.Repository.csproj", "{AAFB8F13-5AB9-43A2-8426-BF0FB8E257B1}"
EndProject
Project("{9A19103F-16F7-4668-BE54-9A1E7A4F7556}") = "GoodsExchangeAtFUManagement.Service", "GoodsExchangeAtFUManagement.Service\GoodsExchangeAtFUManagement.Service.csproj", "{1FC3C38D-9F5D-41AC-B973-733F3250DF0D}"
EndProject
Project("{9A19103F-16F7-4668-BE54-9A1E7A4F7556}") = "GoodsExchangeAtFUManagement.DAO", "GoodsExchangeAtFUManagement.DAO\GoodsExchangeAtFUManagement.DAO.csproj", "{F003737B-B06C-4E45-B4AF-24990D8685BB}"
EndProject
Project("{FAE04EC0-301F-11D3-BF4B-00C04F79EFBC}") = "BusinessObjects", "BusinessObjects\BusinessObjects.csproj", "{1C4F73A6-508B-41C7-A80B-52726B254A20}"
EndProject
Global
	GlobalSection(SolutionConfigurationPlatforms) = preSolution
		Debug|Any CPU = Debug|Any CPU
		Release|Any CPU = Release|Any CPU
	EndGlobalSection
	GlobalSection(ProjectConfigurationPlatforms) = postSolution
		{AB5B888A-6AF5-41AF-9C02-0E1862562A16}.Debug|Any CPU.ActiveCfg = Debug|Any CPU
		{AB5B888A-6AF5-41AF-9C02-0E1862562A16}.Debug|Any CPU.Build.0 = Debug|Any CPU
		{AB5B888A-6AF5-41AF-9C02-0E1862562A16}.Release|Any CPU.ActiveCfg = Release|Any CPU
		{AB5B888A-6AF5-41AF-9C02-0E1862562A16}.Release|Any CPU.Build.0 = Release|Any CPU
		{AAFB8F13-5AB9-43A2-8426-BF0FB8E257B1}.Debug|Any CPU.ActiveCfg = Debug|Any CPU
		{AAFB8F13-5AB9-43A2-8426-BF0FB8E257B1}.Debug|Any CPU.Build.0 = Debug|Any CPU
		{AAFB8F13-5AB9-43A2-8426-BF0FB8E257B1}.Release|Any CPU.ActiveCfg = Release|Any CPU
		{AAFB8F13-5AB9-43A2-8426-BF0FB8E257B1}.Release|Any CPU.Build.0 = Release|Any CPU
		{1FC3C38D-9F5D-41AC-B973-733F3250DF0D}.Debug|Any CPU.ActiveCfg = Debug|Any CPU
		{1FC3C38D-9F5D-41AC-B973-733F3250DF0D}.Debug|Any CPU.Build.0 = Debug|Any CPU
		{1FC3C38D-9F5D-41AC-B973-733F3250DF0D}.Release|Any CPU.ActiveCfg = Release|Any CPU
		{1FC3C38D-9F5D-41AC-B973-733F3250DF0D}.Release|Any CPU.Build.0 = Release|Any CPU
		{F003737B-B06C-4E45-B4AF-24990D8685BB}.Debug|Any CPU.ActiveCfg = Debug|Any CPU
		{F003737B-B06C-4E45-B4AF-24990D8685BB}.Debug|Any CPU.Build.0 = Debug|Any CPU
		{F003737B-B06C-4E45-B4AF-24990D8685BB}.Release|Any CPU.ActiveCfg = Release|Any CPU
		{F003737B-B06C-4E45-B4AF-24990D8685BB}.Release|Any CPU.Build.0 = Release|Any CPU
		{1C4F73A6-508B-41C7-A80B-52726B254A20}.Debug|Any CPU.ActiveCfg = Debug|Any CPU
		{1C4F73A6-508B-41C7-A80B-52726B254A20}.Debug|Any CPU.Build.0 = Debug|Any CPU
		{1C4F73A6-508B-41C7-A80B-52726B254A20}.Release|Any CPU.ActiveCfg = Release|Any CPU
		{1C4F73A6-508B-41C7-A80B-52726B254A20}.Release|Any CPU.Build.0 = Release|Any CPU
	EndGlobalSection
	GlobalSection(SolutionProperties) = preSolution
		HideSolutionNode = FALSE
	EndGlobalSection
	GlobalSection(ExtensibilityGlobals) = postSolution
		SolutionGuid = {5AC85FBD-1F2B-4E84-B513-6AAD8B3D517C}
	EndGlobalSection
EndGlobal
